
Microsoft Visual Studio Solution File, Format Version 12.00
# Visual Studio Version 16
VisualStudioVersion = 16.0.31911.196
MinimumVisualStudioVersion = 10.0.40219.1
Project("{8BC9CEB8-8B4A-11D0-8D11-00A0C91BC942}") = "Trash Rush", "Trash Rush\Trash Rush.vcxproj", "{DBF34862-9B73-4BEA-9EFB-3DD44A83A393}"
EndProject
Global
	GlobalSection(SolutionConfigurationPlatforms) = preSolution
		Debug|x64 = Debug|x64
		Debug|x86 = Debug|x86
		Release|x64 = Release|x64
		Release|x86 = Release|x86
	EndGlobalSection
	GlobalSection(ProjectConfigurationPlatforms) = postSolution
		{DBF34862-9B73-4BEA-9EFB-3DD44A83A393}.Debug|x64.ActiveCfg = Debug|x64
		{DBF34862-9B73-4BEA-9EFB-3DD44A83A393}.Debug|x64.Build.0 = Debug|x64
		{DBF34862-9B73-4BEA-9EFB-3DD44A83A393}.Debug|x86.ActiveCfg = Debug|Win32
		{DBF34862-9B73-4BEA-9EFB-3DD44A83A393}.Debug|x86.Build.0 = Debug|Win32
		{DBF34862-9B73-4BEA-9EFB-3DD44A83A393}.Release|x64.ActiveCfg = Release|x64
		{DBF34862-9B73-4BEA-9EFB-3DD44A83A393}.Release|x64.Build.0 = Release|x64
		{DBF34862-9B73-4BEA-9EFB-3DD44A83A393}.Release|x86.ActiveCfg = Release|Win32
		{DBF34862-9B73-4BEA-9EFB-3DD44A83A393}.Release|x86.Build.0 = Release|Win32
	EndGlobalSection
	GlobalSection(SolutionProperties) = preSolution
		HideSolutionNode = FALSE
	EndGlobalSection
	GlobalSection(ExtensibilityGlobals) = postSolution
		SolutionGuid = {48884A23-8AAB-4C3B-BED1-9D06D46DEDA6}
	EndGlobalSection
EndGlobal
